Microsoft Visual Studio Solution File, Format Version 12.00
# Visual Studio Version 17
VisualStudioVersion = 17.0.31903.59
MinimumVisualStudioVersion = 10.0.40219.1
Project("{2150E333-8FDC-42A3-9474-1A3956D46DE8}") = "src", "src", "{827E0CD3-B72D-47B6-A68D-7590B98EB39B}"
EndProject
Project("{2150E333-8FDC-42A3-9474-1A3956D46DE8}") = "Services", "Services", "{984BB9B3-3FA3-BE33-9484-CAC21695A33C}"
EndProject
Project("{9A19103F-16F7-4668-BE54-9A1E7A4F7556}") = "HR.PDO.Core", "src\Services\HR.PDO.Core\HR.PDO.Core.csproj", "{CE23043B-A329-45B2-9E8D-E88453F7B0FD}"
EndProject
Project("{9A19103F-16F7-4668-BE54-9A1E7A4F7556}") = "HR.PDO.Application", "src\Services\HR.PDO.Application\HR.PDO.Application.csproj", "{00A7E7B5-DB96-4294-B072-974B21C7AB93}"
EndProject
Project("{9A19103F-16F7-4668-BE54-9A1E7A4F7556}") = "HR.PDO.Infrastructure", "src\Services\HR.PDO.Infrastructure\HR.PDO.Infrastructure.csproj", "{21E1A332-BB35-42E7-8824-CAD6E132CF7A}"
EndProject
Project("{9A19103F-16F7-4668-BE54-9A1E7A4F7556}") = "HR.PDO.API", "src\Services\HR.PDO.API\HR.PDO.API.csproj", "{0F3149D4-34C4-44DC-95A5-18C7A51A3928}"
EndProject
Project("{9A19103F-16F7-4668-BE54-9A1E7A4F7556}") = "HR.PDO.Grpc", "src\Services\HR.PDO.Grpc\HR.PDO.Grpc.csproj", "{41A15F6B-1452-4F28-9DF0-84FFEDE0EBCA}"
EndProject
Project("{9A19103F-16F7-4668-BE54-9A1E7A4F7556}") = "Shared.Common", "src\Shared\Shared.Common\Shared.Common.csproj", "{38AB5783-BBAE-455C-9676-C4197618ED99}"
EndProject
Project("{9A19103F-16F7-4668-BE54-9A1E7A4F7556}") = "Shared.Messaging", "src\Shared\Shared.Messaging\Shared.Messaging.csproj", "{736A5AEF-90A3-41FC-AF05-95AC8EA507E1}"
EndProject
Project("{9A19103F-16F7-4668-BE54-9A1E7A4F7556}") = "Shared.Contracts", "src\Shared\Shared.Contracts\Shared.Contracts.csproj", "{0A4D3F6F-B406-48C1-BC6C-AEC3B63112D2}"
EndProject
Project("{9A19103F-16F7-4668-BE54-9A1E7A4F7556}") = "HR.PDO.UnitTests", "tests\HR.PDO.UnitTests\HR.PDO.UnitTests.csproj", "{B13C1264-8B47-4684-9D19-50CF1C530715}"
EndProject
Project("{9A19103F-16F7-4668-BE54-9A1E7A4F7556}") = "HR.PDO.IntegrationTests", "tests\HR.PDO.IntegrationTests\HR.PDO.IntegrationTests.csproj", "{66278860-9A3D-441B-A294-21B31CFEB0D7}"
EndProject
Project("{9A19103F-16F7-4668-BE54-9A1E7A4F7556}") = "HR.PDO.ExternalAPI", "src\Services\HR.PDO.ExternalAPI\HR.PDO.ExternalAPI.csproj", "{A7F529F5-F3F8-4D95-A1B7-68834C0DE2DC}"
EndProject
Project("{2150E333-8FDC-42A3-9474-1A3956D46DE8}") = "Shared", "Shared", "{39D9F185-366F-4092-A0EC-542DD9B48B67}"
EndProject
Project("{FAE04EC0-301F-11D3-BF4B-00C04F79EFBC}") = "HR.PDO.Shared", "src\Services\HR.PDO.Shared\HR.PDO.Shared.csproj", "{B3023C16-F2E7-ED85-749E-AEEBD5191215}"
EndProject
Global
	GlobalSection(SolutionConfigurationPlatforms) = preSolution
		Debug|Any CPU = Debug|Any CPU
		Debug|x64 = Debug|x64
		Debug|x86 = Debug|x86
		Release|Any CPU = Release|Any CPU
		Release|x64 = Release|x64
		Release|x86 = Release|x86
	EndGlobalSection
	GlobalSection(ProjectConfigurationPlatforms) = postSolution
		{CE23043B-A329-45B2-9E8D-E88453F7B0FD}.Debug|Any CPU.ActiveCfg = Debug|Any CPU
		{CE23043B-A329-45B2-9E8D-E88453F7B0FD}.Debug|Any CPU.Build.0 = Debug|Any CPU
		{CE23043B-A329-45B2-9E8D-E88453F7B0FD}.Debug|x64.ActiveCfg = Debug|Any CPU
		{CE23043B-A329-45B2-9E8D-E88453F7B0FD}.Debug|x64.Build.0 = Debug|Any CPU
		{CE23043B-A329-45B2-9E8D-E88453F7B0FD}.Debug|x86.ActiveCfg = Debug|Any CPU
		{CE23043B-A329-45B2-9E8D-E88453F7B0FD}.Debug|x86.Build.0 = Debug|Any CPU
		{CE23043B-A329-45B2-9E8D-E88453F7B0FD}.Release|Any CPU.ActiveCfg = Release|Any CPU
		{CE23043B-A329-45B2-9E8D-E88453F7B0FD}.Release|Any CPU.Build.0 = Release|Any CPU
		{CE23043B-A329-45B2-9E8D-E88453F7B0FD}.Release|x64.ActiveCfg = Release|Any CPU
		{CE23043B-A329-45B2-9E8D-E88453F7B0FD}.Release|x64.Build.0 = Release|Any CPU
		{CE23043B-A329-45B2-9E8D-E88453F7B0FD}.Release|x86.ActiveCfg = Release|Any CPU
		{CE23043B-A329-45B2-9E8D-E88453F7B0FD}.Release|x86.Build.0 = Release|Any CPU
		{00A7E7B5-DB96-4294-B072-974B21C7AB93}.Debug|Any CPU.ActiveCfg = Debug|Any CPU
		{00A7E7B5-DB96-4294-B072-974B21C7AB93}.Debug|Any CPU.Build.0 = Debug|Any CPU
		{00A7E7B5-DB96-4294-B072-974B21C7AB93}.Debug|x64.ActiveCfg = Debug|Any CPU
		{00A7E7B5-DB96-4294-B072-974B21C7AB93}.Debug|x64.Build.0 = Debug|Any CPU
		{00A7E7B5-DB96-4294-B072-974B21C7AB93}.Debug|x86.ActiveCfg = Debug|Any CPU
		{00A7E7B5-DB96-4294-B072-974B21C7AB93}.Debug|x86.Build.0 = Debug|Any CPU
		{00A7E7B5-DB96-4294-B072-974B21C7AB93}.Release|Any CPU.ActiveCfg = Release|Any CPU
		{00A7E7B5-DB96-4294-B072-974B21C7AB93}.Release|Any CPU.Build.0 = Release|Any CPU
		{00A7E7B5-DB96-4294-B072-974B21C7AB93}.Release|x64.ActiveCfg = Release|Any CPU
		{00A7E7B5-DB96-4294-B072-974B21C7AB93}.Release|x64.Build.0 = Release|Any CPU
		{00A7E7B5-DB96-4294-B072-974B21C7AB93}.Release|x86.ActiveCfg = Release|Any CPU
		{00A7E7B5-DB96-4294-B072-974B21C7AB93}.Release|x86.Build.0 = Release|Any CPU
		{21E1A332-BB35-42E7-8824-CAD6E132CF7A}.Debug|Any CPU.ActiveCfg = Debug|Any CPU
		{21E1A332-BB35-42E7-8824-CAD6E132CF7A}.Debug|Any CPU.Build.0 = Debug|Any CPU
		{21E1A332-BB35-42E7-8824-CAD6E132CF7A}.Debug|x64.ActiveCfg = Debug|Any CPU
		{21E1A332-BB35-42E7-8824-CAD6E132CF7A}.Debug|x64.Build.0 = Debug|Any CPU
		{21E1A332-BB35-42E7-8824-CAD6E132CF7A}.Debug|x86.ActiveCfg = Debug|Any CPU
		{21E1A332-BB35-42E7-8824-CAD6E132CF7A}.Debug|x86.Build.0 = Debug|Any CPU
		{21E1A332-BB35-42E7-8824-CAD6E132CF7A}.Release|Any CPU.ActiveCfg = Release|Any CPU
		{21E1A332-BB35-42E7-8824-CAD6E132CF7A}.Release|Any CPU.Build.0 = Release|Any CPU
		{21E1A332-BB35-42E7-8824-CAD6E132CF7A}.Release|x64.ActiveCfg = Release|Any CPU
		{21E1A332-BB35-42E7-8824-CAD6E132CF7A}.Release|x64.Build.0 = Release|Any CPU
		{21E1A332-BB35-42E7-8824-CAD6E132CF7A}.Release|x86.ActiveCfg = Release|Any CPU
		{21E1A332-BB35-42E7-8824-CAD6E132CF7A}.Release|x86.Build.0 = Release|Any CPU
		{0F3149D4-34C4-44DC-95A5-18C7A51A3928}.Debug|Any CPU.ActiveCfg = Debug|Any CPU
		{0F3149D4-34C4-44DC-95A5-18C7A51A3928}.Debug|Any CPU.Build.0 = Debug|Any CPU
		{0F3149D4-34C4-44DC-95A5-18C7A51A3928}.Debug|x64.ActiveCfg = Debug|Any CPU
		{0F3149D4-34C4-44DC-95A5-18C7A51A3928}.Debug|x64.Build.0 = Debug|Any CPU
		{0F3149D4-34C4-44DC-95A5-18C7A51A3928}.Debug|x86.ActiveCfg = Debug|Any CPU
		{0F3149D4-34C4-44DC-95A5-18C7A51A3928}.Debug|x86.Build.0 = Debug|Any CPU
		{0F3149D4-34C4-44DC-95A5-18C7A51A3928}.Release|Any CPU.ActiveCfg = Release|Any CPU
		{0F3149D4-34C4-44DC-95A5-18C7A51A3928}.Release|Any CPU.Build.0 = Release|Any CPU
		{0F3149D4-34C4-44DC-95A5-18C7A51A3928}.Release|x64.ActiveCfg = Release|Any CPU
		{0F3149D4-34C4-44DC-95A5-18C7A51A3928}.Release|x64.Build.0 = Release|Any CPU
		{0F3149D4-34C4-44DC-95A5-18C7A51A3928}.Release|x86.ActiveCfg = Release|Any CPU
		{0F3149D4-34C4-44DC-95A5-18C7A51A3928}.Release|x86.Build.0 = Release|Any CPU
		{41A15F6B-1452-4F28-9DF0-84FFEDE0EBCA}.Debug|Any CPU.ActiveCfg = Debug|Any CPU
		{41A15F6B-1452-4F28-9DF0-84FFEDE0EBCA}.Debug|Any CPU.Build.0 = Debug|Any CPU
		{41A15F6B-1452-4F28-9DF0-84FFEDE0EBCA}.Debug|x64.ActiveCfg = Debug|Any CPU
		{41A15F6B-1452-4F28-9DF0-84FFEDE0EBCA}.Debug|x64.Build.0 = Debug|Any CPU
		{41A15F6B-1452-4F28-9DF0-84FFEDE0EBCA}.Debug|x86.ActiveCfg = Debug|Any CPU
		{41A15F6B-1452-4F28-9DF0-84FFEDE0EBCA}.Debug|x86.Build.0 = Debug|Any CPU
		{41A15F6B-1452-4F28-9DF0-84FFEDE0EBCA}.Release|Any CPU.ActiveCfg = Release|Any CPU
		{41A15F6B-1452-4F28-9DF0-84FFEDE0EBCA}.Release|Any CPU.Build.0 = Release|Any CPU
		{41A15F6B-1452-4F28-9DF0-84FFEDE0EBCA}.Release|x64.ActiveCfg = Release|Any CPU
		{41A15F6B-1452-4F28-9DF0-84FFEDE0EBCA}.Release|x64.Build.0 = Release|Any CPU
		{41A15F6B-1452-4F28-9DF0-84FFEDE0EBCA}.Release|x86.ActiveCfg = Release|Any CPU
		{41A15F6B-1452-4F28-9DF0-84FFEDE0EBCA}.Release|x86.Build.0 = Release|Any CPU
		{38AB5783-BBAE-455C-9676-C4197618ED99}.Debug|Any CPU.ActiveCfg = Debug|Any CPU
		{38AB5783-BBAE-455C-9676-C4197618ED99}.Debug|Any CPU.Build.0 = Debug|Any CPU
		{38AB5783-BBAE-455C-9676-C4197618ED99}.Debug|x64.ActiveCfg = Debug|Any CPU
		{38AB5783-BBAE-455C-9676-C4197618ED99}.Debug|x64.Build.0 = Debug|Any CPU
		{38AB5783-BBAE-455C-9676-C4197618ED99}.Debug|x86.ActiveCfg = Debug|Any CPU
		{38AB5783-BBAE-455C-9676-C4197618ED99}.Debug|x86.Build.0 = Debug|Any CPU
		{38AB5783-BBAE-455C-9676-C4197618ED99}.Release|Any CPU.ActiveCfg = Release|Any CPU
		{38AB5783-BBAE-455C-9676-C4197618ED99}.Release|Any CPU.Build.0 = Release|Any CPU
		{38AB5783-BBAE-455C-9676-C4197618ED99}.Release|x64.ActiveCfg = Release|Any CPU
		{38AB5783-BBAE-455C-9676-C4197618ED99}.Release|x64.Build.0 = Release|Any CPU
		{38AB5783-BBAE-455C-9676-C4197618ED99}.Release|x86.ActiveCfg = Release|Any CPU
		{38AB5783-BBAE-455C-9676-C4197618ED99}.Release|x86.Build.0 = Release|Any CPU
		{736A5AEF-90A3-41FC-AF05-95AC8EA507E1}.Debug|Any CPU.ActiveCfg = Debug|Any CPU
		{736A5AEF-90A3-41FC-AF05-95AC8EA507E1}.Debug|Any CPU.Build.0 = Debug|Any CPU
		{736A5AEF-90A3-41FC-AF05-95AC8EA507E1}.Debug|x64.ActiveCfg = Debug|Any CPU
		{736A5AEF-90A3-41FC-AF05-95AC8EA507E1}.Debug|x64.Build.0 = Debug|Any CPU
		{736A5AEF-90A3-41FC-AF05-95AC8EA507E1}.Debug|x86.ActiveCfg = Debug|Any CPU
		{736A5AEF-90A3-41FC-AF05-95AC8EA507E1}.Debug|x86.Build.0 = Debug|Any CPU
		{736A5AEF-90A3-41FC-AF05-95AC8EA507E1}.Release|Any CPU.ActiveCfg = Release|Any CPU
		{736A5AEF-90A3-41FC-AF05-95AC8EA507E1}.Release|Any CPU.Build.0 = Release|Any CPU
		{736A5AEF-90A3-41FC-AF05-95AC8EA507E1}.Release|x64.ActiveCfg = Release|Any CPU
		{736A5AEF-90A3-41FC-AF05-95AC8EA507E1}.Release|x64.Build.0 = Release|Any CPU
		{736A5AEF-90A3-41FC-AF05-95AC8EA507E1}.Release|x86.ActiveCfg = Release|Any CPU
		{736A5AEF-90A3-41FC-AF05-95AC8EA507E1}.Release|x86.Build.0 = Release|Any CPU
		{0A4D3F6F-B406-48C1-BC6C-AEC3B63112D2}.Debug|Any CPU.ActiveCfg = Debug|Any CPU
		{0A4D3F6F-B406-48C1-BC6C-AEC3B63112D2}.Debug|Any CPU.Build.0 = Debug|Any CPU
		{0A4D3F6F-B406-48C1-BC6C-AEC3B63112D2}.Debug|x64.ActiveCfg = Debug|Any CPU
		{0A4D3F6F-B406-48C1-BC6C-AEC3B63112D2}.Debug|x64.Build.0 = Debug|Any CPU
		{0A4D3F6F-B406-48C1-BC6C-AEC3B63112D2}.Debug|x86.ActiveCfg = Debug|Any CPU
		{0A4D3F6F-B406-48C1-BC6C-AEC3B63112D2}.Debug|x86.Build.0 = Debug|Any CPU
		{0A4D3F6F-B406-48C1-BC6C-AEC3B63112D2}.Release|Any CPU.ActiveCfg = Release|Any CPU
		{0A4D3F6F-B406-48C1-BC6C-AEC3B63112D2}.Release|Any CPU.Build.0 = Release|Any CPU
		{0A4D3F6F-B406-48C1-BC6C-AEC3B63112D2}.Release|x64.ActiveCfg = Release|Any CPU
		{0A4D3F6F-B406-48C1-BC6C-AEC3B63112D2}.Release|x64.Build.0 = Release|Any CPU
		{0A4D3F6F-B406-48C1-BC6C-AEC3B63112D2}.Release|x86.ActiveCfg = Release|Any CPU
		{0A4D3F6F-B406-48C1-BC6C-AEC3B63112D2}.Release|x86.Build.0 = Release|Any CPU
		{B13C1264-8B47-4684-9D19-50CF1C530715}.Debug|Any CPU.ActiveCfg = Debug|Any CPU
		{B13C1264-8B47-4684-9D19-50CF1C530715}.Debug|Any CPU.Build.0 = Debug|Any CPU
		{B13C1264-8B47-4684-9D19-50CF1C530715}.Debug|x64.ActiveCfg = Debug|Any CPU
		{B13C1264-8B47-4684-9D19-50CF1C530715}.Debug|x64.Build.0 = Debug|Any CPU
		{B13C1264-8B47-4684-9D19-50CF1C530715}.Debug|x86.ActiveCfg = Debug|Any CPU
		{B13C1264-8B47-4684-9D19-50CF1C530715}.Debug|x86.Build.0 = Debug|Any CPU
		{B13C1264-8B47-4684-9D19-50CF1C530715}.Release|Any CPU.ActiveCfg = Release|Any CPU
		{B13C1264-8B47-4684-9D19-50CF1C530715}.Release|Any CPU.Build.0 = Release|Any CPU
		{B13C1264-8B47-4684-9D19-50CF1C530715}.Release|x64.ActiveCfg = Release|Any CPU
		{B13C1264-8B47-4684-9D19-50CF1C530715}.Release|x64.Build.0 = Release|Any CPU
		{B13C1264-8B47-4684-9D19-50CF1C530715}.Release|x86.ActiveCfg = Release|Any CPU
		{B13C1264-8B47-4684-9D19-50CF1C530715}.Release|x86.Build.0 = Release|Any CPU
		{66278860-9A3D-441B-A294-21B31CFEB0D7}.Debug|Any CPU.ActiveCfg = Debug|Any CPU
		{66278860-9A3D-441B-A294-21B31CFEB0D7}.Debug|Any CPU.Build.0 = Debug|Any CPU
		{66278860-9A3D-441B-A294-21B31CFEB0D7}.Debug|x64.ActiveCfg = Debug|Any CPU
		{66278860-9A3D-441B-A294-21B31CFEB0D7}.Debug|x64.Build.0 = Debug|Any CPU
		{66278860-9A3D-441B-A294-21B31CFEB0D7}.Debug|x86.ActiveCfg = Debug|Any CPU
		{66278860-9A3D-441B-A294-21B31CFEB0D7}.Debug|x86.Build.0 = Debug|Any CPU
		{66278860-9A3D-441B-A294-21B31CFEB0D7}.Release|Any CPU.ActiveCfg = Release|Any CPU
		{66278860-9A3D-441B-A294-21B31CFEB0D7}.Release|Any CPU.Build.0 = Release|Any CPU
		{66278860-9A3D-441B-A294-21B31CFEB0D7}.Release|x64.ActiveCfg = Release|Any CPU
		{66278860-9A3D-441B-A294-21B31CFEB0D7}.Release|x64.Build.0 = Release|Any CPU
		{66278860-9A3D-441B-A294-21B31CFEB0D7}.Release|x86.ActiveCfg = Release|Any CPU
		{66278860-9A3D-441B-A294-21B31CFEB0D7}.Release|x86.Build.0 = Release|Any CPU
		{A7F529F5-F3F8-4D95-A1B7-68834C0DE2DC}.Debug|Any CPU.ActiveCfg = Debug|Any CPU
		{A7F529F5-F3F8-4D95-A1B7-68834C0DE2DC}.Debug|Any CPU.Build.0 = Debug|Any CPU
		{A7F529F5-F3F8-4D95-A1B7-68834C0DE2DC}.Debug|x64.ActiveCfg = Debug|Any CPU
		{A7F529F5-F3F8-4D95-A1B7-68834C0DE2DC}.Debug|x64.Build.0 = Debug|Any CPU
		{A7F529F5-F3F8-4D95-A1B7-68834C0DE2DC}.Debug|x86.ActiveCfg = Debug|Any CPU
		{A7F529F5-F3F8-4D95-A1B7-68834C0DE2DC}.Debug|x86.Build.0 = Debug|Any CPU
		{A7F529F5-F3F8-4D95-A1B7-68834C0DE2DC}.Release|Any CPU.ActiveCfg = Release|Any CPU
		{A7F529F5-F3F8-4D95-A1B7-68834C0DE2DC}.Release|Any CPU.Build.0 = Release|Any CPU
		{A7F529F5-F3F8-4D95-A1B7-68834C0DE2DC}.Release|x64.ActiveCfg = Release|Any CPU
		{A7F529F5-F3F8-4D95-A1B7-68834C0DE2DC}.Release|x64.Build.0 = Release|Any CPU
		{A7F529F5-F3F8-4D95-A1B7-68834C0DE2DC}.Release|x86.ActiveCfg = Release|Any CPU
		{A7F529F5-F3F8-4D95-A1B7-68834C0DE2DC}.Release|x86.Build.0 = Release|Any CPU
		{B3023C16-F2E7-ED85-749E-AEEBD5191215}.Debug|Any CPU.ActiveCfg = Debug|Any CPU
		{B3023C16-F2E7-ED85-749E-AEEBD5191215}.Debug|Any CPU.Build.0 = Debug|Any CPU
		{B3023C16-F2E7-ED85-749E-AEEBD5191215}.Debug|x64.ActiveCfg = Debug|Any CPU
		{B3023C16-F2E7-ED85-749E-AEEBD5191215}.Debug|x64.Build.0 = Debug|Any CPU
		{B3023C16-F2E7-ED85-749E-AEEBD5191215}.Debug|x86.ActiveCfg = Debug|Any CPU
		{B3023C16-F2E7-ED85-749E-AEEBD5191215}.Debug|x86.Build.0 = Debug|Any CPU
		{B3023C16-F2E7-ED85-749E-AEEBD5191215}.Release|Any CPU.ActiveCfg = Release|Any CPU
		{B3023C16-F2E7-ED85-749E-AEEBD5191215}.Release|Any CPU.Build.0 = Release|Any CPU
		{B3023C16-F2E7-ED85-749E-AEEBD5191215}.Release|x64.ActiveCfg = Release|Any CPU
		{B3023C16-F2E7-ED85-749E-AEEBD5191215}.Release|x64.Build.0 = Release|Any CPU
		{B3023C16-F2E7-ED85-749E-AEEBD5191215}.Release|x86.ActiveCfg = Release|Any CPU
		{B3023C16-F2E7-ED85-749E-AEEBD5191215}.Release|x86.Build.0 = Release|Any CPU
	EndGlobalSection
	GlobalSection(SolutionProperties) = preSolution
		HideSolutionNode = FALSE
	EndGlobalSection
	GlobalSection(NestedProjects) = preSolution
		{984BB9B3-3FA3-BE33-9484-CAC21695A33C} = {827E0CD3-B72D-47B6-A68D-7590B98EB39B}
		{CE23043B-A329-45B2-9E8D-E88453F7B0FD} = {984BB9B3-3FA3-BE33-9484-CAC21695A33C}
		{00A7E7B5-DB96-4294-B072-974B21C7AB93} = {984BB9B3-3FA3-BE33-9484-CAC21695A33C}
		{21E1A332-BB35-42E7-8824-CAD6E132CF7A} = {984BB9B3-3FA3-BE33-9484-CAC21695A33C}
		{0F3149D4-34C4-44DC-95A5-18C7A51A3928} = {984BB9B3-3FA3-BE33-9484-CAC21695A33C}
		{41A15F6B-1452-4F28-9DF0-84FFEDE0EBCA} = {984BB9B3-3FA3-BE33-9484-CAC21695A33C}
		{38AB5783-BBAE-455C-9676-C4197618ED99} = {39D9F185-366F-4092-A0EC-542DD9B48B67}
		{736A5AEF-90A3-41FC-AF05-95AC8EA507E1} = {39D9F185-366F-4092-A0EC-542DD9B48B67}
		{0A4D3F6F-B406-48C1-BC6C-AEC3B63112D2} = {39D9F185-366F-4092-A0EC-542DD9B48B67}
		{B13C1264-8B47-4684-9D19-50CF1C530715} = {984BB9B3-3FA3-BE33-9484-CAC21695A33C}
		{66278860-9A3D-441B-A294-21B31CFEB0D7} = {984BB9B3-3FA3-BE33-9484-CAC21695A33C}
		{A7F529F5-F3F8-4D95-A1B7-68834C0DE2DC} = {984BB9B3-3FA3-BE33-9484-CAC21695A33C}
		{39D9F185-366F-4092-A0EC-542DD9B48B67} = {827E0CD3-B72D-47B6-A68D-7590B98EB39B}
		{B3023C16-F2E7-ED85-749E-AEEBD5191215} = {984BB9B3-3FA3-BE33-9484-CAC21695A33C}
	EndGlobalSection
	GlobalSection(ExtensibilityGlobals) = postSolution
		SolutionGuid = {C7EB703F-6E6E-43D9-A859-9332C098AD51}
	EndGlobalSection
EndGlobal
